
Microsoft Visual Studio Solution File, Format Version 12.00
# Visual Studio Version 16
VisualStudioVersion = 16.0.30014.187
MinimumVisualStudioVersion = 10.0.40219.1
Project("{FAE04EC0-301F-11D3-BF4B-00C04F79EFBC}") = "MyBlazorComp", "MyBlazorComp\MyBlazorComp.csproj", "{6435D77E-A63B-4911-A57E-E9A64BA8C563}"
EndProject
Global
	GlobalSection(SolutionConfigurationPlatforms) = preSolution
		Debug|Any CPU = Debug|Any CPU
		Release|Any CPU = Release|Any CPU
	EndGlobalSection
	GlobalSection(ProjectConfigurationPlatforms) = postSolution
		{6435D77E-A63B-4911-A57E-E9A64BA8C563}.Debug|Any CPU.ActiveCfg = Debug|Any CPU
		{6435D77E-A63B-4911-A57E-E9A64BA8C563}.Debug|Any CPU.Build.0 = Debug|Any CPU
		{6435D77E-A63B-4911-A57E-E9A64BA8C563}.Release|Any CPU.ActiveCfg = Release|Any CPU
		{6435D77E-A63B-4911-A57E-E9A64BA8C563}.Release|Any CPU.Build.0 = Release|Any CPU
	EndGlobalSection
	GlobalSection(SolutionProperties) = preSolution
		HideSolutionNode = FALSE
	EndGlobalSection
	GlobalSection(ExtensibilityGlobals) = postSolution
		SolutionGuid = {F7E6B89F-F111-4E69-87FF-6C60638843B3}
	EndGlobalSection
EndGlobal
